
Microsoft Visual Studio Solution File, Format Version 12.00
# Visual Studio 15
VisualStudioVersion = 15.0.26124.0
MinimumVisualStudioVersion = 15.0.26124.0
Project("{FAE04EC0-301F-11D3-BF4B-00C04F79EFBC}") = "API", "API\API.csproj", "{315A97E8-F6DE-49B6-BE7B-A8B8F6C5F692}"
EndProject
Project("{FAE04EC0-301F-11D3-BF4B-00C04F79EFBC}") = "Core", "Core\Core.csproj", "{2E5F9A17-74C8-425E-BC6F-8AFE86DD7C4E}"
EndProject
Project("{FAE04EC0-301F-11D3-BF4B-00C04F79EFBC}") = "Infrastructure", "Infrastructure\Infrastructure.csproj", "{E10D738B-A4D0-46E0-AD89-0B74CA444CDA}"
EndProject
Global
	GlobalSection(SolutionConfigurationPlatforms) = preSolution
		Debug|Any CPU = Debug|Any CPU
		Debug|x64 = Debug|x64
		Debug|x86 = Debug|x86
		Release|Any CPU = Release|Any CPU
		Release|x64 = Release|x64
		Release|x86 = Release|x86
	EndGlobalSection
	GlobalSection(SolutionProperties) = preSolution
		HideSolutionNode = FALSE
	EndGlobalSection
	GlobalSection(ProjectConfigurationPlatforms) = postSolution
		{315A97E8-F6DE-49B6-BE7B-A8B8F6C5F692}.Debug|Any CPU.ActiveCfg = Debug|Any CPU
		{315A97E8-F6DE-49B6-BE7B-A8B8F6C5F692}.Debug|Any CPU.Build.0 = Debug|Any CPU
		{315A97E8-F6DE-49B6-BE7B-A8B8F6C5F692}.Debug|x64.ActiveCfg = Debug|Any CPU
		{315A97E8-F6DE-49B6-BE7B-A8B8F6C5F692}.Debug|x64.Build.0 = Debug|Any CPU
		{315A97E8-F6DE-49B6-BE7B-A8B8F6C5F692}.Debug|x86.ActiveCfg = Debug|Any CPU
		{315A97E8-F6DE-49B6-BE7B-A8B8F6C5F692}.Debug|x86.Build.0 = Debug|Any CPU
		{315A97E8-F6DE-49B6-BE7B-A8B8F6C5F692}.Release|Any CPU.ActiveCfg = Release|Any CPU
		{315A97E8-F6DE-49B6-BE7B-A8B8F6C5F692}.Release|Any CPU.Build.0 = Release|Any CPU
		{315A97E8-F6DE-49B6-BE7B-A8B8F6C5F692}.Release|x64.ActiveCfg = Release|Any CPU
		{315A97E8-F6DE-49B6-BE7B-A8B8F6C5F692}.Release|x64.Build.0 = Release|Any CPU
		{315A97E8-F6DE-49B6-BE7B-A8B8F6C5F692}.Release|x86.ActiveCfg = Release|Any CPU
		{315A97E8-F6DE-49B6-BE7B-A8B8F6C5F692}.Release|x86.Build.0 = Release|Any CPU
		{2E5F9A17-74C8-425E-BC6F-8AFE86DD7C4E}.Debug|Any CPU.ActiveCfg = Debug|Any CPU
		{2E5F9A17-74C8-425E-BC6F-8AFE86DD7C4E}.Debug|Any CPU.Build.0 = Debug|Any CPU
		{2E5F9A17-74C8-425E-BC6F-8AFE86DD7C4E}.Debug|x64.ActiveCfg = Debug|Any CPU
		{2E5F9A17-74C8-425E-BC6F-8AFE86DD7C4E}.Debug|x64.Build.0 = Debug|Any CPU
		{2E5F9A17-74C8-425E-BC6F-8AFE86DD7C4E}.Debug|x86.ActiveCfg = Debug|Any CPU
		{2E5F9A17-74C8-425E-BC6F-8AFE86DD7C4E}.Debug|x86.Build.0 = Debug|Any CPU
		{2E5F9A17-74C8-425E-BC6F-8AFE86DD7C4E}.Release|Any CPU.ActiveCfg = Release|Any CPU
		{2E5F9A17-74C8-425E-BC6F-8AFE86DD7C4E}.Release|Any CPU.Build.0 = Release|Any CPU
		{2E5F9A17-74C8-425E-BC6F-8AFE86DD7C4E}.Release|x64.ActiveCfg = Release|Any CPU
		{2E5F9A17-74C8-425E-BC6F-8AFE86DD7C4E}.Release|x64.Build.0 = Release|Any CPU
		{2E5F9A17-74C8-425E-BC6F-8AFE86DD7C4E}.Release|x86.ActiveCfg = Release|Any CPU
		{2E5F9A17-74C8-425E-BC6F-8AFE86DD7C4E}.Release|x86.Build.0 = Release|Any CPU
		{E10D738B-A4D0-46E0-AD89-0B74CA444CDA}.Debug|Any CPU.ActiveCfg = Debug|Any CPU
		{E10D738B-A4D0-46E0-AD89-0B74CA444CDA}.Debug|Any CPU.Build.0 = Debug|Any CPU
		{E10D738B-A4D0-46E0-AD89-0B74CA444CDA}.Debug|x64.ActiveCfg = Debug|Any CPU
		{E10D738B-A4D0-46E0-AD89-0B74CA444CDA}.Debug|x64.Build.0 = Debug|Any CPU
		{E10D738B-A4D0-46E0-AD89-0B74CA444CDA}.Debug|x86.ActiveCfg = Debug|Any CPU
		{E10D738B-A4D0-46E0-AD89-0B74CA444CDA}.Debug|x86.Build.0 = Debug|Any CPU
		{E10D738B-A4D0-46E0-AD89-0B74CA444CDA}.Release|Any CPU.ActiveCfg = Release|Any CPU
		{E10D738B-A4D0-46E0-AD89-0B74CA444CDA}.Release|Any CPU.Build.0 = Release|Any CPU
		{E10D738B-A4D0-46E0-AD89-0B74CA444CDA}.Release|x64.ActiveCfg = Release|Any CPU
		{E10D738B-A4D0-46E0-AD89-0B74CA444CDA}.Release|x64.Build.0 = Release|Any CPU
		{E10D738B-A4D0-46E0-AD89-0B74CA444CDA}.Release|x86.ActiveCfg = Release|Any CPU
		{E10D738B-A4D0-46E0-AD89-0B74CA444CDA}.Release|x86.Build.0 = Release|Any CPU
	EndGlobalSection
EndGlobal
